
Microsoft Visual Studio Solution File, Format Version 12.00
# Visual Studio Version 16
VisualStudioVersion = 16.0.29609.76
MinimumVisualStudioVersion = 10.0.40219.1
Project("{9A19103F-16F7-4668-BE54-9A1E7A4F7556}") = "Achievements", "Achievements\Achievements.csproj", "{E5D0BAA9-0756-4F9C-956B-0E91245E62E1}"
EndProject
Project("{2150E333-8FDC-42A3-9474-1A3956D46DE8}") = "Solution Items", "Solution Items", "{9134FCC6-8805-42C4-BC09-0DE0DD571D98}"
	ProjectSection(SolutionItems) = preProject
		.editorconfig = .editorconfig
	EndProjectSection
EndProject
Global
	GlobalSection(SolutionConfigurationPlatforms) = preSolution
		Debug|Any CPU = Debug|Any CPU
		Release|Any CPU = Release|Any CPU
	EndGlobalSection
	GlobalSection(ProjectConfigurationPlatforms) = postSolution
		{E5D0BAA9-0756-4F9C-956B-0E91245E62E1}.Debug|Any CPU.ActiveCfg = Debug|Any CPU
		{E5D0BAA9-0756-4F9C-956B-0E91245E62E1}.Debug|Any CPU.Build.0 = Debug|Any CPU
		{E5D0BAA9-0756-4F9C-956B-0E91245E62E1}.Release|Any CPU.ActiveCfg = Release|Any CPU
		{E5D0BAA9-0756-4F9C-956B-0E91245E62E1}.Release|Any CPU.Build.0 = Release|Any CPU
	EndGlobalSection
	GlobalSection(SolutionProperties) = preSolution
		HideSolutionNode = FALSE
	EndGlobalSection
	GlobalSection(ExtensibilityGlobals) = postSolution
		SolutionGuid = {A379993C-BD1E-48DA-8022-3182C18C6AB6}
	EndGlobalSection
EndGlobal
